
Microsoft Visual Studio Solution File, Format Version 12.00
# Visual Studio Version 16
VisualStudioVersion = 16.0.31624.102
MinimumVisualStudioVersion = 10.0.40219.1
Project("{FAE04EC0-301F-11D3-BF4B-00C04F79EFBC}") = "Assign1-3", "Assign1-3\Assign1-3.csproj", "{74C6409C-A28D-4733-B17B-79D9EECD5FEB}"
EndProject
Global
	GlobalSection(SolutionConfigurationPlatforms) = preSolution
		Debug|Any CPU = Debug|Any CPU
		Release|Any CPU = Release|Any CPU
	EndGlobalSection
	GlobalSection(ProjectConfigurationPlatforms) = postSolution
		{74C6409C-A28D-4733-B17B-79D9EECD5FEB}.Debug|Any CPU.ActiveCfg = Debug|Any CPU
		{74C6409C-A28D-4733-B17B-79D9EECD5FEB}.Debug|Any CPU.Build.0 = Debug|Any CPU
		{74C6409C-A28D-4733-B17B-79D9EECD5FEB}.Release|Any CPU.ActiveCfg = Release|Any CPU
		{74C6409C-A28D-4733-B17B-79D9EECD5FEB}.Release|Any CPU.Build.0 = Release|Any CPU
	EndGlobalSection
	GlobalSection(SolutionProperties) = preSolution
		HideSolutionNode = FALSE
	EndGlobalSection
	GlobalSection(ExtensibilityGlobals) = postSolution
		SolutionGuid = {8C751C7B-48D5-4815-92CC-EFEF645D3569}
	EndGlobalSection
EndGlobal
